# This file is automatically @generated by Cargo.
# It is not intended for manual editing.
version = 4

[[package]]
name = "assert-eq-float"
version = "0.1.7"
source = "registry+https://github.com/rust-lang/crates.io-index"
checksum = "7ef47bfd49f0238802981acbad574148e02590277250b307e790dfdc4df44ff4"

[[package]]
name = "geometry"
version = "0.1.0"
dependencies = [
 "assert-eq-float",
]
